{
  "lockfile_version": "1",
  "packages": {
    "bat@0.24.0": {
      "last_modified": "2024-05-22T06:18:38Z",
      "resolved": "github:NixOS/nixpkgs/3f316d2a50699a78afe5e77ca486ad553169061e#bat",
      "source": "devbox-search",
      "version": "0.24.0",
      "systems": {
        "aarch64-darwin": {
          "outputs": [
            {
              "name": "out",
              "path": "/nix/store/hiia69kvpnlkkqrwa9q0v7rzyik91ip7-bat-0.24.0",
              "default": true
            }
          ],
          "store_path": "/nix/store/hiia69kvpnlkkqrwa9q0v7rzyik91ip7-bat-0.24.0"
        },
        "aarch64-linux": {
          "outputs": [
            {
              "name": "out",
              "path": "/nix/store/ihqxca088m35nf12z8w8z102x9cyjvya-bat-0.24.0",
              "default": true
            }
          ],
          "store_path": "/nix/store/ihqxca088m35nf12z8w8z102x9cyjvya-bat-0.24.0"
        },
        "x86_64-darwin": {
          "outputs": [
            {
              "name": "out",
              "path": "/nix/store/06ikrv8pnq7lf2f6rf4q970acf42f1x7-bat-0.24.0",
              "default": true
            }
          ],
          "store_path": "/nix/store/06ikrv8pnq7lf2f6rf4q970acf42f1x7-bat-0.24.0"
        },
        "x86_64-linux": {
          "outputs": [
            {
              "name": "out",
              "path": "/nix/store/ghqlmx96vqiywgr0bixsk78z0515drgj-bat-0.24.0",
              "default": true
            }
          ],
          "store_path": "/nix/store/ghqlmx96vqiywgr0bixsk78z0515drgj-bat-0.24.0"
        }
      }
    },
    "eza@0.18.17": {
      "last_modified": "2024-06-06T13:42:14Z",
      "resolved": "github:NixOS/nixpkgs/31f40991012489e858517ec20102f033e4653afb#eza",
      "source": "devbox-search",
      "version": "0.18.17",
      "systems": {
        "aarch64-darwin": {
          "outputs": [
            {
              "name": "out",
              "path": "/nix/store/3xqljpa4a8rm0gqifaccd0dknq1hyci0-eza-0.18.17",
              "default": true
            },
            {
              "name": "man",
              "path": "/nix/store/v4qlhfk354lgbbnq7ayn0gb79zdk0lmv-eza-0.18.17-man",
              "default": true
            }
          ],
          "store_path": "/nix/store/3xqljpa4a8rm0gqifaccd0dknq1hyci0-eza-0.18.17"
        },
        "aarch64-linux": {
          "outputs": [
            {
              "name": "out",
              "path": "/nix/store/w0x5scka2m9zav5wfhq91kvbjqdb7l1k-eza-0.18.17",
              "default": true
            },
            {
              "name": "man",
              "path": "/nix/store/06gsmvk8v1nh3vls5d65f0knj7drfqqr-eza-0.18.17-man",
              "default": true
            }
          ],
          "store_path": "/nix/store/w0x5scka2m9zav5wfhq91kvbjqdb7l1k-eza-0.18.17"
        },
        "x86_64-darwin": {
          "outputs": [
            {
              "name": "out",
              "path": "/nix/store/2w5aflzz0vng75lssb8mx9pk2mhd7k9d-eza-0.18.17",
              "default": true
            },
            {
              "name": "man",
              "path": "/nix/store/nqfmyww59b6xms5f3j3kaj1bad6q7rvj-eza-0.18.17-man",
              "default": true
            }
          ],
          "store_path": "/nix/store/2w5aflzz0vng75lssb8mx9pk2mhd7k9d-eza-0.18.17"
        },
        "x86_64-linux": {
          "outputs": [
            {
              "name": "out",
              "path": "/nix/store/43xlmva8zcw55nhqr6srvrp4idgxr1sj-eza-0.18.17",
              "default": true
            },
            {
              "name": "man",
              "path": "/nix/store/jcq8cyy112v7ja5qwqzfhpki36rwhwlr-eza-0.18.17-man",
              "default": true
            }
          ],
          "store_path": "/nix/store/43xlmva8zcw55nhqr6srvrp4idgxr1sj-eza-0.18.17"
        }
      }
    },
    "fzf@0.53.0": {
      "last_modified": "2024-06-09T00:38:05Z",
      "resolved": "github:NixOS/nixpkgs/3bcedce9f4de37570242faf16e1e143583407eab#fzf",
      "source": "devbox-search",
      "version": "0.53.0",
      "systems": {
        "aarch64-darwin": {
          "outputs": [
            {
              "name": "out",
              "path": "/nix/store/swkrgxvl50hrixad6gfz3jpmalhkciwy-fzf-0.53.0",
              "default": true
            },
            {
              "name": "man",
              "path": "/nix/store/nfaqfx5rap2d24628jk0mq7l5p212fcg-fzf-0.53.0-man",
              "default": true
            }
          ],
          "store_path": "/nix/store/swkrgxvl50hrixad6gfz3jpmalhkciwy-fzf-0.53.0"
        },
        "aarch64-linux": {
          "outputs": [
            {
              "name": "out",
              "path": "/nix/store/xsrpv6p15ngs8m89nipag382z94b3vwc-fzf-0.53.0",
              "default": true
            },
            {
              "name": "man",
              "path": "/nix/store/wkw2r0r64si0bgx6s47r29c2i64xx8q2-fzf-0.53.0-man",
              "default": true
            }
          ],
          "store_path": "/nix/store/xsrpv6p15ngs8m89nipag382z94b3vwc-fzf-0.53.0"
        },
        "x86_64-darwin": {
          "outputs": [
            {
              "name": "out",
              "path": "/nix/store/ps9yngyy6hh3g8a7jk301l36ir50m7ns-fzf-0.53.0",
              "default": true
            },
            {
              "name": "man",
              "path": "/nix/store/zal4wmnh3anh0zy8m3z35d6wyszfs0sz-fzf-0.53.0-man",
              "default": true
            }
          ],
          "store_path": "/nix/store/ps9yngyy6hh3g8a7jk301l36ir50m7ns-fzf-0.53.0"
        },
        "x86_64-linux": {
          "outputs": [
            {
              "name": "out",
              "path": "/nix/store/qiy5ma0hj0a9yab0wwa5k7zpiz9dp61v-fzf-0.53.0",
              "default": true
            },
            {
              "name": "man",
              "path": "/nix/store/i8y633ablc4fp1kfb9b8il88ql7kp5ig-fzf-0.53.0-man",
              "default": true
            }
          ],
          "store_path": "/nix/store/qiy5ma0hj0a9yab0wwa5k7zpiz9dp61v-fzf-0.53.0"
        }
      }
    },
    "gh@2.50.0": {
      "last_modified": "2024-05-30T12:09:21Z",
      "resolved": "github:NixOS/nixpkgs/aa61b27554a5fc282758bf0324781e3464ef2cde#gh",
      "source": "devbox-search",
      "version": "2.50.0",
      "systems": {
        "aarch64-darwin": {
          "outputs": [
            {
              "name": "out",
              "path": "/nix/store/l55ps1jsnaqzc05nr09r7w4zb6zdk6wx-gh-2.50.0",
              "default": true
            }
          ],
          "store_path": "/nix/store/l55ps1jsnaqzc05nr09r7w4zb6zdk6wx-gh-2.50.0"
        },
        "aarch64-linux": {
          "outputs": [
            {
              "name": "out",
              "path": "/nix/store/4y99sn78r3y92ma33cmmpa66299pmiq9-gh-2.50.0",
              "default": true
            }
          ],
          "store_path": "/nix/store/4y99sn78r3y92ma33cmmpa66299pmiq9-gh-2.50.0"
        },
        "x86_64-darwin": {
          "outputs": [
            {
              "name": "out",
              "path": "/nix/store/zi5mp2902mvkndx66m8i57mqfg026b74-gh-2.50.0",
              "default": true
            }
          ],
          "store_path": "/nix/store/zi5mp2902mvkndx66m8i57mqfg026b74-gh-2.50.0"
        },
        "x86_64-linux": {
          "outputs": [
            {
              "name": "out",
              "path": "/nix/store/flq1szdy6pvm50f348ik03x8058kf0b6-gh-2.50.0",
              "default": true
            }
          ],
          "store_path": "/nix/store/flq1szdy6pvm50f348ik03x8058kf0b6-gh-2.50.0"
        }
      }
    },
    "gum@0.14.1": {
      "last_modified": "2024-05-29T10:04:41Z",
      "resolved": "github:NixOS/nixpkgs/ac82a513e55582291805d6f09d35b6d8b60637a1#gum",
      "source": "devbox-search",
      "version": "0.14.1",
      "systems": {
        "aarch64-darwin": {
          "outputs": [
            {
              "name": "out",
              "path": "/nix/store/h5z17zm21lz3qkccqh4mnkb9xsx27ds5-gum-0.14.1",
              "default": true
            }
          ],
          "store_path": "/nix/store/h5z17zm21lz3qkccqh4mnkb9xsx27ds5-gum-0.14.1"
        },
        "aarch64-linux": {
          "outputs": [
            {
              "name": "out",
              "path": "/nix/store/0f0na0sdmp64p5ynd4j1lpgx57a1jwd9-gum-0.14.1",
              "default": true
            }
          ],
          "store_path": "/nix/store/0f0na0sdmp64p5ynd4j1lpgx57a1jwd9-gum-0.14.1"
        },
        "x86_64-darwin": {
          "outputs": [
            {
              "name": "out",
              "path": "/nix/store/08rsns46wcxyqdwbaalprzcsd355vw7n-gum-0.14.1",
              "default": true
            }
          ],
          "store_path": "/nix/store/08rsns46wcxyqdwbaalprzcsd355vw7n-gum-0.14.1"
        },
        "x86_64-linux": {
          "outputs": [
            {
              "name": "out",
              "path": "/nix/store/vh7sq5jganhj305981d6w07l1x6iclq6-gum-0.14.1",
              "default": true
            }
          ],
          "store_path": "/nix/store/vh7sq5jganhj305981d6w07l1x6iclq6-gum-0.14.1"
        }
      }
    },
    "jq@1.7.1": {
      "last_modified": "2024-06-07T15:28:25Z",
      "resolved": "github:NixOS/nixpkgs/d226935fd75012939397c83f6c385e4d6d832288#jq",
      "source": "devbox-search",
      "version": "1.7.1",
      "systems": {
        "aarch64-darwin": {
          "outputs": [
            {
              "name": "bin",
              "path": "/nix/store/68s205iqz4x1fvry7nkhg8g270v1vcy4-jq-1.7.1-bin",
              "default": true
            },
            {
              "name": "man",
              "path": "/nix/store/a5dywljs6papj8qcz9414r91f69r4y9r-jq-1.7.1-man",
              "default": true
            },
            {
              "name": "out",
              "path": "/nix/store/f20hrh4qzvk2577glb7s5l114gmirngj-jq-1.7.1"
            },
            {
              "name": "dev",
              "path": "/nix/store/13hz87fi6v8yha2i0hqs3hgjr28wh5wc-jq-1.7.1-dev"
            },
            {
              "name": "doc",
              "path": "/nix/store/ghj56yphlx06ws4wzv6370smcqy7q2j7-jq-1.7.1-doc"
            },
            {
              "name": "lib",
              "path": "/nix/store/19mhwafp54qa8di0z3rxwb692nq1hagw-jq-1.7.1-lib"
            }
          ],
          "store_path": "/nix/store/68s205iqz4x1fvry7nkhg8g270v1vcy4-jq-1.7.1-bin"
        },
        "aarch64-linux": {
          "outputs": [
            {
              "name": "bin",
              "path": "/nix/store/ndiybnyqr1ph1vjg3k12nk4563mhxppm-jq-1.7.1-bin",
              "default": true
            },
            {
              "name": "man",
              "path": "/nix/store/m6iwqw0050fw4wc9xmr5pqs3ah5ry7ax-jq-1.7.1-man",
              "default": true
            },
            {
              "name": "out",
              "path": "/nix/store/fwkhzdlq9xiz2rl5bkvmj772p9hvqj99-jq-1.7.1"
            },
            {
              "name": "dev",
              "path": "/nix/store/kvrsi2isj17fm1i1q547y318pkdn8yp7-jq-1.7.1-dev"
            },
            {
              "name": "doc",
              "path": "/nix/store/bb0ah4vxmzgc0sqykmbv5fypgk9nnkw1-jq-1.7.1-doc"
            },
            {
              "name": "lib",
              "path": "/nix/store/amjqcw9ja9zd2dwm1va91in764xvpnx3-jq-1.7.1-lib"
            }
          ],
          "store_path": "/nix/store/ndiybnyqr1ph1vjg3k12nk4563mhxppm-jq-1.7.1-bin"
        },
        "x86_64-darwin": {
          "outputs": [
            {
              "name": "bin",
              "path": "/nix/store/bpfyriz1v75s27jjp334xmz76i39jb5m-jq-1.7.1-bin",
              "default": true
            },
            {
              "name": "man",
              "path": "/nix/store/z9k3kvc4vd3nalz0zy642jwldjx8nycz-jq-1.7.1-man",
              "default": true
            },
            {
              "name": "dev",
              "path": "/nix/store/js9gb09z8qzf0i7xaqnqkriy43d4p371-jq-1.7.1-dev"
            },
            {
              "name": "doc",
              "path": "/nix/store/h092iqq78iqfb2i4zr9x5p6pjapm4gj0-jq-1.7.1-doc"
            },
            {
              "name": "lib",
              "path": "/nix/store/m83fjdl51389phnrm9yw81xq47b1n6nq-jq-1.7.1-lib"
            },
            {
              "name": "out",
              "path": "/nix/store/ja0jnfqjrlcvrmhd0x5v61nccdybp86g-jq-1.7.1"
            }
          ],
          "store_path": "/nix/store/bpfyriz1v75s27jjp334xmz76i39jb5m-jq-1.7.1-bin"
        },
        "x86_64-linux": {
          "outputs": [
            {
              "name": "bin",
              "path": "/nix/store/7y2nxi5svi3ya06jyfw7l06rxvfb1zzf-jq-1.7.1-bin",
              "default": true
            },
            {
              "name": "man",
              "path": "/nix/store/shvd454wy3lnhirj922yrzffzscci28s-jq-1.7.1-man",
              "default": true
            },
            {
              "name": "out",
              "path": "/nix/store/33flg1kzjqn426gg4yfz1zkgpj9cmc4j-jq-1.7.1"
            },
            {
              "name": "dev",
              "path": "/nix/store/n5chc8i5za5jrr4biwwgx7a96p0a7aq9-jq-1.7.1-dev"
            },
            {
              "name": "doc",
              "path": "/nix/store/5cq70lcqc2aph4q03brijk3alfh5rnmz-jq-1.7.1-doc"
            },
            {
              "name": "lib",
              "path": "/nix/store/bjf63mfkn3r6svmb4qlsy1v8bff4dwa9-jq-1.7.1-lib"
            }
          ],
          "store_path": "/nix/store/7y2nxi5svi3ya06jyfw7l06rxvfb1zzf-jq-1.7.1-bin"
        }
      }
    },
    "kind@0.23.0": {
      "last_modified": "2024-05-29T10:04:41Z",
      "resolved": "github:NixOS/nixpkgs/ac82a513e55582291805d6f09d35b6d8b60637a1#kind",
      "source": "devbox-search",
      "version": "0.23.0",
      "systems": {
        "aarch64-darwin": {
          "outputs": [
            {
              "name": "out",
              "path": "/nix/store/lg81ng5l5c7naqww8qqlmqnixvpx8xzs-kind-0.23.0",
              "default": true
            }
          ],
          "store_path": "/nix/store/lg81ng5l5c7naqww8qqlmqnixvpx8xzs-kind-0.23.0"
        },
        "aarch64-linux": {
          "outputs": [
            {
              "name": "out",
              "path": "/nix/store/jndyfwjc9hsf1rhvh0yxqsqw0hqqs8j8-kind-0.23.0",
              "default": true
            }
          ],
          "store_path": "/nix/store/jndyfwjc9hsf1rhvh0yxqsqw0hqqs8j8-kind-0.23.0"
        },
        "x86_64-darwin": {
          "outputs": [
            {
              "name": "out",
              "path": "/nix/store/q1ymfg7wsdlmp9b11kpb3pmshrdfbyjj-kind-0.23.0",
              "default": true
            }
          ],
          "store_path": "/nix/store/q1ymfg7wsdlmp9b11kpb3pmshrdfbyjj-kind-0.23.0"
        },
        "x86_64-linux": {
          "outputs": [
            {
              "name": "out",
              "path": "/nix/store/8if8dwbvyalf0cfk0vkaysvcmkva9syh-kind-0.23.0",
              "default": true
            }
          ],
          "store_path": "/nix/store/8if8dwbvyalf0cfk0vkaysvcmkva9syh-kind-0.23.0"
        }
      }
    },
    "teller@1.5.6": {
      "last_modified": "2024-05-22T06:18:38Z",
      "resolved": "github:NixOS/nixpkgs/3f316d2a50699a78afe5e77ca486ad553169061e#teller",
      "source": "devbox-search",
      "version": "1.5.6",
      "systems": {
        "aarch64-darwin": {
          "outputs": [
            {
              "name": "out",
              "path": "/nix/store/csinic7gd7ln27bys5m3lhr3nr0wqwc1-teller-1.5.6",
              "default": true
            }
          ],
          "store_path": "/nix/store/csinic7gd7ln27bys5m3lhr3nr0wqwc1-teller-1.5.6"
        },
        "aarch64-linux": {
          "outputs": [
            {
              "name": "out",
              "path": "/nix/store/v6zv4xvvc29l8ny86hkir7bzgafwgi4v-teller-1.5.6",
              "default": true
            }
          ],
          "store_path": "/nix/store/v6zv4xvvc29l8ny86hkir7bzgafwgi4v-teller-1.5.6"
        },
        "x86_64-darwin": {
          "outputs": [
            {
              "name": "out",
              "path": "/nix/store/q5k0fb4bwi1v64rsjy2kdlbh8h51b8kl-teller-1.5.6",
              "default": true
            }
          ],
          "store_path": "/nix/store/q5k0fb4bwi1v64rsjy2kdlbh8h51b8kl-teller-1.5.6"
        },
        "x86_64-linux": {
          "outputs": [
            {
              "name": "out",
              "path": "/nix/store/2r6xiywzp38nbw6vay8r4y6fy2wn2d27-teller-1.5.6",
              "default": true
            }
          ],
          "store_path": "/nix/store/2r6xiywzp38nbw6vay8r4y6fy2wn2d27-teller-1.5.6"
        }
      }
    },
    "thefuck@3.32": {
      "last_modified": "2024-05-22T06:18:38Z",
      "resolved": "github:NixOS/nixpkgs/3f316d2a50699a78afe5e77ca486ad553169061e#thefuck",
      "source": "devbox-search",
      "version": "3.32",
      "systems": {
        "aarch64-darwin": {
          "outputs": [
            {
              "name": "out",
              "path": "/nix/store/hynlvz583gmxdh4dzk4273vk9x6nmxmp-thefuck-3.32",
              "default": true
            },
            {
              "name": "dist",
              "path": "/nix/store/lwyn10pg0vpvvd7sy0n9lbyg4b63k1xh-thefuck-3.32-dist"
            }
          ],
          "store_path": "/nix/store/hynlvz583gmxdh4dzk4273vk9x6nmxmp-thefuck-3.32"
        },
        "aarch64-linux": {
          "outputs": [
            {
              "name": "out",
              "path": "/nix/store/lpyk95pz35ms0cim0sb95a5dqqg7879s-thefuck-3.32",
              "default": true
            },
            {
              "name": "dist",
              "path": "/nix/store/ifknx7w26y9j54brdhih3jmlapqymh8w-thefuck-3.32-dist"
            }
          ],
          "store_path": "/nix/store/lpyk95pz35ms0cim0sb95a5dqqg7879s-thefuck-3.32"
        },
        "x86_64-darwin": {
          "outputs": [
            {
              "name": "out",
              "path": "/nix/store/a1kjsycak2a6zib9pakjn6dygzikznra-thefuck-3.32",
              "default": true
            },
            {
              "name": "dist",
              "path": "/nix/store/lanl35v5l8zr38fishpncpm3px9cpc0p-thefuck-3.32-dist"
            }
          ],
          "store_path": "/nix/store/a1kjsycak2a6zib9pakjn6dygzikznra-thefuck-3.32"
        },
        "x86_64-linux": {
          "outputs": [
            {
              "name": "out",
              "path": "/nix/store/qzl6kypm98l0i9lh6jifsssxiks2cg5d-thefuck-3.32",
              "default": true
            },
            {
              "name": "dist",
              "path": "/nix/store/gmbyl1j6bcs5zlrp4m3frv09mx690f2q-thefuck-3.32-dist"
            }
          ],
          "store_path": "/nix/store/qzl6kypm98l0i9lh6jifsssxiks2cg5d-thefuck-3.32"
        }
      }
    },
    "yq-go@4.44.1": {
      "last_modified": "2024-05-29T10:04:41Z",
      "resolved": "github:NixOS/nixpkgs/ac82a513e55582291805d6f09d35b6d8b60637a1#yq-go",
      "source": "devbox-search",
      "version": "4.44.1",
      "systems": {
        "aarch64-darwin": {
          "outputs": [
            {
              "name": "out",
              "path": "/nix/store/0hzb7ak6grlpczn4m2f5alsr2axq5r02-yq-go-4.44.1",
              "default": true
            }
          ],
          "store_path": "/nix/store/0hzb7ak6grlpczn4m2f5alsr2axq5r02-yq-go-4.44.1"
        },
        "aarch64-linux": {
          "outputs": [
            {
              "name": "out",
              "path": "/nix/store/l8qd3js7vw3hx46w00wp184s5vn362bq-yq-go-4.44.1",
              "default": true
            }
          ],
          "store_path": "/nix/store/l8qd3js7vw3hx46w00wp184s5vn362bq-yq-go-4.44.1"
        },
        "x86_64-darwin": {
          "outputs": [
            {
              "name": "out",
              "path": "/nix/store/iidz7v5cnrx6h2bgcp6jaikn60gmpy7a-yq-go-4.44.1",
              "default": true
            }
          ],
          "store_path": "/nix/store/iidz7v5cnrx6h2bgcp6jaikn60gmpy7a-yq-go-4.44.1"
        },
        "x86_64-linux": {
          "outputs": [
            {
              "name": "out",
              "path": "/nix/store/lq5kcj0059n9ig591s32fpc1pbfjrsa4-yq-go-4.44.1",
              "default": true
            }
          ],
          "store_path": "/nix/store/lq5kcj0059n9ig591s32fpc1pbfjrsa4-yq-go-4.44.1"
        }
      }
    },
    "zoxide@0.9.4": {
      "last_modified": "2024-05-22T06:18:38Z",
      "resolved": "github:NixOS/nixpkgs/3f316d2a50699a78afe5e77ca486ad553169061e#zoxide",
      "source": "devbox-search",
      "version": "0.9.4",
      "systems": {
        "aarch64-darwin": {
          "outputs": [
            {
              "name": "out",
              "path": "/nix/store/l8kkmrwd7n443hz2nh6619hzxx4m2zk9-zoxide-0.9.4",
              "default": true
            }
          ],
          "store_path": "/nix/store/l8kkmrwd7n443hz2nh6619hzxx4m2zk9-zoxide-0.9.4"
        },
        "aarch64-linux": {
          "outputs": [
            {
              "name": "out",
              "path": "/nix/store/v2xsv1a91z7xm3klvkhii92690k6mhh1-zoxide-0.9.4",
              "default": true
            }
          ],
          "store_path": "/nix/store/v2xsv1a91z7xm3klvkhii92690k6mhh1-zoxide-0.9.4"
        },
        "x86_64-darwin": {
          "outputs": [
            {
              "name": "out",
              "path": "/nix/store/x25lhy62kwc167i8gqax2f42prgwfy9p-zoxide-0.9.4",
              "default": true
            }
          ],
          "store_path": "/nix/store/x25lhy62kwc167i8gqax2f42prgwfy9p-zoxide-0.9.4"
        },
        "x86_64-linux": {
          "outputs": [
            {
              "name": "out",
              "path": "/nix/store/azpqwyw4bmgzxwb33nm0jg2iwz3yaqd2-zoxide-0.9.4",
              "default": true
            }
          ],
          "store_path": "/nix/store/azpqwyw4bmgzxwb33nm0jg2iwz3yaqd2-zoxide-0.9.4"
        }
      }
    }
  }
}
